
Microsoft Visual Studio Solution File, Format Version 12.00
# Visual Studio Version 17
VisualStudioVersion = 17.1.32328.378
MinimumVisualStudioVersion = 10.0.40219.1
Project("{E24C65DC-7377-472B-9ABA-BC803B73C61A}") = "cs490WFAlmonteSite", "cs490WFAlmonteSite\", "{19F0BE2D-91B7-4F3F-A48E-9DD0DFD97310}"
	ProjectSection(WebsiteProperties) = preProject
		TargetFrameworkMoniker = ".NETFramework,Version%3Dv4.8"
		Debug.AspNetCompiler.VirtualPath = "/localhost_59483"
		Debug.AspNetCompiler.PhysicalPath = "cs490WFAlmonteSite\"
		Debug.AspNetCompiler.TargetPath = "PrecompiledWeb\localhost_59483\"
		Debug.AspNetCompiler.Updateable = "true"
		Debug.AspNetCompiler.ForceOverwrite = "true"
		Debug.AspNetCompiler.FixedNames = "false"
		Debug.AspNetCompiler.Debug = "True"
		Release.AspNetCompiler.VirtualPath = "/localhost_59483"
		Release.AspNetCompiler.PhysicalPath = "cs490WFAlmonteSite\"
		Release.AspNetCompiler.TargetPath = "PrecompiledWeb\localhost_59483\"
		Release.AspNetCompiler.Updateable = "true"
		Release.AspNetCompiler.ForceOverwrite = "true"
		Release.AspNetCompiler.FixedNames = "false"
		Release.AspNetCompiler.Debug = "False"
		VWDPort = "59483"
		SlnRelativePath = "cs490WFAlmonteSite\"
		DefaultWebSiteLanguage = "Visual C#"
	EndProjectSection
EndProject
Global
	GlobalSection(SolutionConfigurationPlatforms) = preSolution
		Debug|Any CPU = Debug|Any CPU
	EndGlobalSection
	GlobalSection(ProjectConfigurationPlatforms) = postSolution
		{19F0BE2D-91B7-4F3F-A48E-9DD0DFD97310}.Debug|Any CPU.ActiveCfg = Debug|Any CPU
		{19F0BE2D-91B7-4F3F-A48E-9DD0DFD97310}.Debug|Any CPU.Build.0 = Debug|Any CPU
	EndGlobalSection
	GlobalSection(SolutionProperties) = preSolution
		HideSolutionNode = FALSE
	EndGlobalSection
	GlobalSection(ExtensibilityGlobals) = postSolution
		SolutionGuid = {60DE6CDB-D33E-4999-B570-24B9004C0A92}
	EndGlobalSection
EndGlobal
